// !$*UTF8*$!
{
	archiveVersion = 1;
	classes = {
	};
	objectVersion = 55;
	objects = {

/* Begin PBXBuildFile section */
		86B716022946A606002BE2B0 /* VagariApp.swift in Sources */ = {isa = PBXBuildFile; fileRef = 86B716012946A606002BE2B0 /* VagariApp.swift */; };
		86B716042946A606002BE2B0 /* ContentView.swift in Sources */ = {isa = PBXBuildFile; fileRef = 86B716032946A606002BE2B0 /* ContentView.swift */; };
		86B716062946A60A002BE2B0 /* Assets.xcassets in Resources */ = {isa = PBXBuildFile; fileRef = 86B716052946A60A002BE2B0 /* Assets.xcassets */; };
		86B716092946A60A002BE2B0 /* Preview Assets.xcassets in Resources */ = {isa = PBXBuildFile; fileRef = 86B716082946A60A002BE2B0 /* Preview Assets.xcassets */; };
		86B7160B2946A60A002BE2B0 /* Persistence.swift in Sources */ = {isa = PBXBuildFile; fileRef = 86B7160A2946A60A002BE2B0 /* Persistence.swift */; };
		86B7160E2946A60A002BE2B0 /* Vagari.xcdatamodeld in Sources */ = {isa = PBXBuildFile; fileRef = 86B7160C2946A60A002BE2B0 /* Vagari.xcdatamodeld */; };
		86B716182946A60B002BE2B0 /* VagariTests.swift in Sources */ = {isa = PBXBuildFile; fileRef = 86B716172946A60B002BE2B0 /* VagariTests.swift */; };
		86B716222946A60B002BE2B0 /* VagariUITests.swift in Sources */ = {isa = PBXBuildFile; fileRef = 86B716212946A60B002BE2B0 /* VagariUITests.swift */; };
		86B716242946A60B002BE2B0 /* VagariUITestsLaunchTests.swift in Sources */ = {isa = PBXBuildFile; fileRef = 86B716232946A60B002BE2B0 /* VagariUITestsLaunchTests.swift */; };
/* End PBXBuildFile section */

/* Begin PBXContainerItemProxy section */
		86B716142946A60B002BE2B0 /* PBXContainerItemProxy */ = {
			isa = PBXContainerItemProxy;
			containerPortal = 86B715F62946A606002BE2B0 /* Project object */;
			proxyType = 1;
			remoteGlobalIDString = 86B715FD2946A606002BE2B0;
			remoteInfo = Vagari;
		};
		86B7161E2946A60B002BE2B0 /* PBXContainerItemProxy */ = {
			isa = PBXContainerItemProxy;
			containerPortal = 86B715F62946A606002BE2B0 /* Project object */;
			proxyType = 1;
			remoteGlobalIDString = 86B715FD2946A606002BE2B0;
			remoteInfo = Vagari;
		};
/* End PBXContainerItemProxy section */

/* Begin PBXFileReference section */
		86B715FE2946A606002BE2B0 /* Vagari.app */ = {isa = PBXFileReference; explicitFileType = wrapper.application; includeInIndex = 0; path = Vagari.app; sourceTree = BUILT_PRODUCTS_DIR; };
		86B716012946A606002BE2B0 /* VagariApp.swift */ = {isa = PBXFileReference; lastKnownFileType = sourcecode.swift; path = VagariApp.swift; sourceTree = "<group>"; };
		86B716032946A606002BE2B0 /* ContentView.swift */ = {isa = PBXFileReference; lastKnownFileType = sourcecode.swift; path = ContentView.swift; sourceTree = "<group>"; };
		86B716052946A60A002BE2B0 /* Assets.xcassets */ = {isa = PBXFileReference; lastKnownFileType = folder.assetcatalog; path = Assets.xcassets; sourceTree = "<group>"; };
		86B716082946A60A002BE2B0 /* Preview Assets.xcassets */ = {isa = PBXFileReference; lastKnownFileType = folder.assetcatalog; path = "Preview Assets.xcassets"; sourceTree = "<group>"; };
		86B7160A2946A60A002BE2B0 /* Persistence.swift */ = {isa = PBXFileReference; lastKnownFileType = sourcecode.swift; path = Persistence.swift; sourceTree = "<group>"; };
		86B7160D2946A60A002BE2B0 /* Vagari.xcdatamodel */ = {isa = PBXFileReference; lastKnownFileType = wrapper.xcdatamodel; path = Vagari.xcdatamodel; sourceTree = "<group>"; };
		86B716132946A60B002BE2B0 /* VagariTests.xctest */ = {isa = PBXFileReference; explicitFileType = wrapper.cfbundle; includeInIndex = 0; path = VagariTests.xctest; sourceTree = BUILT_PRODUCTS_DIR; };
		86B716172946A60B002BE2B0 /* VagariTests.swift */ = {isa = PBXFileReference; lastKnownFileType = sourcecode.swift; path = VagariTests.swift; sourceTree = "<group>"; };
		86B7161D2946A60B002BE2B0 /* VagariUITests.xctest */ = {isa = PBXFileReference; explicitFileType = wrapper.cfbundle; includeInIndex = 0; path = VagariUITests.xctest; sourceTree = BUILT_PRODUCTS_DIR; };
		86B716212946A60B002BE2B0 /* VagariUITests.swift */ = {isa = PBXFileReference; lastKnownFileType = sourcecode.swift; path = VagariUITests.swift; sourceTree = "<group>"; };
		86B716232946A60B002BE2B0 /* VagariUITestsLaunchTests.swift */ = {isa = PBXFileReference; lastKnownFileType = sourcecode.swift; path = VagariUITestsLaunchTests.swift; sourceTree = "<group>"; };
/* End PBXFileReference section */

/* Begin PBXFrameworksBuildPhase section */
		86B715FB2946A606002BE2B0 /* Frameworks */ = {
			isa = PBXFrameworksBuildPhase;
			buildActionMask = 2147483647;
			files = (
			);
			runOnlyForDeploymentPostprocessing = 0;
		};
		86B716102946A60B002BE2B0 /* Frameworks */ = {
			isa = PBXFrameworksBuildPhase;
			buildActionMask = 2147483647;
			files = (
			);
			runOnlyForDeploymentPostprocessing = 0;
		};
		86B7161A2946A60B002BE2B0 /* Frameworks */ = {
			isa = PBXFrameworksBuildPhase;
			buildActionMask = 2147483647;
			files = (
			);
			runOnlyForDeploymentPostprocessing = 0;
		};
/* End PBXFrameworksBuildPhase section */

/* Begin PBXGroup section */
		86B715F52946A606002BE2B0 = {
			isa = PBXGroup;
			children = (
				86B716002946A606002BE2B0 /* Vagari */,
				86B716162946A60B002BE2B0 /* VagariTests */,
				86B716202946A60B002BE2B0 /* VagariUITests */,
				86B715FF2946A606002BE2B0 /* Products */,
			);
			sourceTree = "<group>";
		};
		86B715FF2946A606002BE2B0 /* Products */ = {
			isa = PBXGroup;
			children = (
				86B715FE2946A606002BE2B0 /* Vagari.app */,
				86B716132946A60B002BE2B0 /* VagariTests.xctest */,
				86B7161D2946A60B002BE2B0 /* VagariUITests.xctest */,
			);
			name = Products;
			sourceTree = "<group>";
		};
		86B716002946A606002BE2B0 /* Vagari */ = {
			isa = PBXGroup;
			children = (
				86B716012946A606002BE2B0 /* VagariApp.swift */,
				86B716032946A606002BE2B0 /* ContentView.swift */,
				86B716052946A60A002BE2B0 /* Assets.xcassets */,
				86B7160A2946A60A002BE2B0 /* Persistence.swift */,
				86B7160C2946A60A002BE2B0 /* Vagari.xcdatamodeld */,
				86B716072946A60A002BE2B0 /* Preview Content */,
			);
			path = Vagari;
			sourceTree = "<group>";
		};
		86B716072946A60A002BE2B0 /* Preview Content */ = {
			isa = PBXGroup;
			children = (
				86B716082946A60A002BE2B0 /* Preview Assets.xcassets */,
			);
			path = "Preview Content";
			sourceTree = "<group>";
		};
		86B716162946A60B002BE2B0 /* VagariTests */ = {
			isa = PBXGroup;
			children = (
				86B716172946A60B002BE2B0 /* VagariTests.swift */,
			);
			path = VagariTests;
			sourceTree = "<group>";
		};
		86B716202946A60B002BE2B0 /* VagariUITests */ = {
			isa = PBXGroup;
			children = (
				86B716212946A60B002BE2B0 /* VagariUITests.swift */,
				86B716232946A60B002BE2B0 /* VagariUITestsLaunchTests.swift */,
			);
			path = VagariUITests;
			sourceTree = "<group>";
		};
/* End PBXGroup section */

/* Begin PBXNativeTarget section */
		86B715FD2946A606002BE2B0 /* Vagari */ = {
			isa = PBXNativeTarget;
			buildConfigurationList = 86B716272946A60B002BE2B0 /* Build configuration list for PBXNativeTarget "Vagari" */;
			buildPhases = (
				86B715FA2946A606002BE2B0 /* Sources */,
				86B715FB2946A606002BE2B0 /* Frameworks */,
				86B715FC2946A606002BE2B0 /* Resources */,
			);
			buildRules = (
			);
			dependencies = (
			);
			name = Vagari;
			productName = Vagari;
			productReference = 86B715FE2946A606002BE2B0 /* Vagari.app */;
			productType = "com.apple.product-type.application";
		};
		86B716122946A60B002BE2B0 /* VagariTests */ = {
			isa = PBXNativeTarget;
			buildConfigurationList = 86B7162A2946A60B002BE2B0 /* Build configuration list for PBXNativeTarget "VagariTests" */;
			buildPhases = (
				86B7160F2946A60B002BE2B0 /* Sources */,
				86B716102946A60B002BE2B0 /* Frameworks */,
				86B716112946A60B002BE2B0 /* Resources */,
			);
			buildRules = (
			);
			dependencies = (
				86B716152946A60B002BE2B0 /* PBXTargetDependency */,
			);
			name = VagariTests;
			productName = VagariTests;
			productReference = 86B716132946A60B002BE2B0 /* VagariTests.xctest */;
			productType = "com.apple.product-type.bundle.unit-test";
		};
		86B7161C2946A60B002BE2B0 /* VagariUITests */ = {
			isa = PBXNativeTarget;
			buildConfigurationList = 86B7162D2946A60B002BE2B0 /* Build configuration list for PBXNativeTarget "VagariUITests" */;
			buildPhases = (
				86B716192946A60B002BE2B0 /* Sources */,
				86B7161A2946A60B002BE2B0 /* Frameworks */,
				86B7161B2946A60B002BE2B0 /* Resources */,
			);
			buildRules = (
			);
			dependencies = (
				86B7161F2946A60B002BE2B0 /* PBXTargetDependency */,
			);
			name = VagariUITests;
			productName = VagariUITests;
			productReference = 86B7161D2946A60B002BE2B0 /* VagariUITests.xctest */;
			productType = "com.apple.product-type.bundle.ui-testing";
		};
/* End PBXNativeTarget section */

/* Begin PBXProject section */
		86B715F62946A606002BE2B0 /* Project object */ = {
			isa = PBXProject;
			attributes = {
				BuildIndependentTargetsInParallel = 1;
				LastSwiftUpdateCheck = 1330;
				LastUpgradeCheck = 1330;
				TargetAttributes = {
					86B715FD2946A606002BE2B0 = {
						CreatedOnToolsVersion = 13.3;
					};
					86B716122946A60B002BE2B0 = {
						CreatedOnToolsVersion = 13.3;
						TestTargetID = 86B715FD2946A606002BE2B0;
					};
					86B7161C2946A60B002BE2B0 = {
						CreatedOnToolsVersion = 13.3;
						TestTargetID = 86B715FD2946A606002BE2B0;
					};
				};
			};
			buildConfigurationList = 86B715F92946A606002BE2B0 /* Build configuration list for PBXProject "Vagari" */;
			compatibilityVersion = "Xcode 13.0";
			developmentRegion = en;
			hasScannedForEncodings = 0;
			knownRegions = (
				en,
				Base,
			);
			mainGroup = 86B715F52946A606002BE2B0;
			productRefGroup = 86B715FF2946A606002BE2B0 /* Products */;
			projectDirPath = "";
			projectRoot = "";
			targets = (
				86B715FD2946A606002BE2B0 /* Vagari */,
				86B716122946A60B002BE2B0 /* VagariTests */,
				86B7161C2946A60B002BE2B0 /* VagariUITests */,
			);
		};
/* End PBXProject section */

/* Begin PBXResourcesBuildPhase section */
		86B715FC2946A606002BE2B0 /* Resources */ = {
			isa = PBXResourcesBuildPhase;
			buildActionMask = 2147483647;
			files = (
				86B716092946A60A002BE2B0 /* Preview Assets.xcassets in Resources */,
				86B716062946A60A002BE2B0 /* Assets.xcassets in Resources */,
			);
			runOnlyForDeploymentPostprocessing = 0;
		};
		86B716112946A60B002BE2B0 /* Resources */ = {
			isa = PBXResourcesBuildPhase;
			buildActionMask = 2147483647;
			files = (
			);
			runOnlyForDeploymentPostprocessing = 0;
		};
		86B7161B2946A60B002BE2B0 /* Resources */ = {
			isa = PBXResourcesBuildPhase;
			buildActionMask = 2147483647;
			files = (
			);
			runOnlyForDeploymentPostprocessing = 0;
		};
/* End PBXResourcesBuildPhase section */

/* Begin PBXSourcesBuildPhase section */
		86B715FA2946A606002BE2B0 /* Sources */ = {
			isa = PBXSourcesBuildPhase;
			buildActionMask = 2147483647;
			files = (
				86B7160B2946A60A002BE2B0 /* Persistence.swift in Sources */,
				86B7160E2946A60A002BE2B0 /* Vagari.xcdatamodeld in Sources */,
				86B716042946A606002BE2B0 /* ContentView.swift in Sources */,
				86B716022946A606002BE2B0 /* VagariApp.swift in Sources */,
			);
			runOnlyForDeploymentPostprocessing = 0;
		};
		86B7160F2946A60B002BE2B0 /* Sources */ = {
			isa = PBXSourcesBuildPhase;
			buildActionMask = 2147483647;
			files = (
				86B716182946A60B002BE2B0 /* VagariTests.swift in Sources */,
			);
			runOnlyForDeploymentPostprocessing = 0;
		};
		86B716192946A60B002BE2B0 /* Sources */ = {
			isa = PBXSourcesBuildPhase;
			buildActionMask = 2147483647;
			files = (
				86B716242946A60B002BE2B0 /* VagariUITestsLaunchTests.swift in Sources */,
				86B716222946A60B002BE2B0 /* VagariUITests.swift in Sources */,
			);
			runOnlyForDeploymentPostprocessing = 0;
		};
/* End PBXSourcesBuildPhase section */

/* Begin PBXTargetDependency section */
		86B716152946A60B002BE2B0 /* PBXTargetDependency */ = {
			isa = PBXTargetDependency;
			target = 86B715FD2946A606002BE2B0 /* Vagari */;
			targetProxy = 86B716142946A60B002BE2B0 /* PBXContainerItemProxy */;
		};
		86B7161F2946A60B002BE2B0 /* PBXTargetDependency */ = {
			isa = PBXTargetDependency;
			target = 86B715FD2946A606002BE2B0 /* Vagari */;
			targetProxy = 86B7161E2946A60B002BE2B0 /* PBXContainerItemProxy */;
		};
/* End PBXTargetDependency section */

/* Begin XCBuildConfiguration section */
		86B716252946A60B002BE2B0 /* Debug */ = {
			isa = XCBuildConfiguration;
			buildSettings = {
				ALWAYS_SEARCH_USER_PATHS = NO;
				CLANG_ANALYZER_NONNULL = YES;
				CLANG_ANALYZER_NUMBER_OBJECT_CONVERSION = YES_AGGRESSIVE;
				CLANG_CXX_LANGUAGE_STANDARD = "gnu++17";
				CLANG_ENABLE_MODULES = YES;
				CLANG_ENABLE_OBJC_ARC = YES;
				CLANG_ENABLE_OBJC_WEAK = YES;
				CLANG_WARN_BLOCK_CAPTURE_AUTORELEASING = YES;
				CLANG_WARN_BOOL_CONVERSION = YES;
				CLANG_WARN_COMMA = YES;
				CLANG_WARN_CONSTANT_CONVERSION = YES;
				CLANG_WARN_DEPRECATED_OBJC_IMPLEMENTATIONS = YES;
				CLANG_WARN_DIRECT_OBJC_ISA_USAGE = YES_ERROR;
				CLANG_WARN_DOCUMENTATION_COMMENTS = YES;
				CLANG_WARN_EMPTY_BODY = YES;
				CLANG_WARN_ENUM_CONVERSION = YES;
				CLANG_WARN_INFINITE_RECURSION = YES;
				CLANG_WARN_INT_CONVERSION = YES;
				CLANG_WARN_NON_LITERAL_NULL_CONVERSION = YES;
				CLANG_WARN_OBJC_IMPLICIT_RETAIN_SELF = YES;
				CLANG_WARN_OBJC_LITERAL_CONVERSION = YES;
				CLANG_WARN_OBJC_ROOT_CLASS = YES_ERROR;
				CLANG_WARN_QUOTED_INCLUDE_IN_FRAMEWORK_HEADER = YES;
				CLANG_WARN_RANGE_LOOP_ANALYSIS = YES;
				CLANG_WARN_STRICT_PROTOTYPES = YES;
				CLANG_WARN_SUSPICIOUS_MOVE = YES;
				CLANG_WARN_UNGUARDED_AVAILABILITY = YES_AGGRESSIVE;
				CLANG_WARN_UNREACHABLE_CODE = YES;
				CLANG_WARN__DUPLICATE_METHOD_MATCH = YES;
				COPY_PHASE_STRIP = NO;
				DEBUG_INFORMATION_FORMAT = dwarf;
				ENABLE_STRICT_OBJC_MSGSEND = YES;
				ENABLE_TESTABILITY = YES;
				GCC_C_LANGUAGE_STANDARD = gnu11;
				GCC_DYNAMIC_NO_PIC = NO;
				GCC_NO_COMMON_BLOCKS = YES;
				GCC_OPTIMIZATION_LEVEL = 0;
				GCC_PREPROCESSOR_DEFINITIONS = (
					"DEBUG=1",
					"$(inherited)",
				);
				GCC_WARN_64_TO_32_BIT_CONVERSION = YES;
				GCC_WARN_ABOUT_RETURN_TYPE = YES_ERROR;
				GCC_WARN_UNDECLARED_SELECTOR = YES;
				GCC_WARN_UNINITIALIZED_AUTOS = YES_AGGRESSIVE;
				GCC_WARN_UNUSED_FUNCTION = YES;
				GCC_WARN_UNUSED_VARIABLE = YES;
				IPHONEOS_DEPLOYMENT_TARGET = 15.4;
				MTL_ENABLE_DEBUG_INFO = INCLUDE_SOURCE;
				MTL_FAST_MATH = YES;
				ONLY_ACTIVE_ARCH = YES;
				SDKROOT = iphoneos;
				SWIFT_ACTIVE_COMPILATION_CONDITIONS = DEBUG;
				SWIFT_OPTIMIZATION_LEVEL = "-Onone";
			};
			name = Debug;
		};
		86B716262946A60B002BE2B0 /* Release */ = {
			isa = XCBuildConfiguration;
			buildSettings = {
				ALWAYS_SEARCH_USER_PATHS = NO;
				CLANG_ANALYZER_NONNULL = YES;
				CLANG_ANALYZER_NUMBER_OBJECT_CONVERSION = YES_AGGRESSIVE;
				CLANG_CXX_LANGUAGE_STANDARD = "gnu++17";
				CLANG_ENABLE_MODULES = YES;
				CLANG_ENABLE_OBJC_ARC = YES;
				CLANG_ENABLE_OBJC_WEAK = YES;
				CLANG_WARN_BLOCK_CAPTURE_AUTORELEASING = YES;
				CLANG_WARN_BOOL_CONVERSION = YES;
				CLANG_WARN_COMMA = YES;
				CLANG_WARN_CONSTANT_CONVERSION = YES;
				CLANG_WARN_DEPRECATED_OBJC_IMPLEMENTATIONS = YES;
				CLANG_WARN_DIRECT_OBJC_ISA_USAGE = YES_ERROR;
				CLANG_WARN_DOCUMENTATION_COMMENTS = YES;
				CLANG_WARN_EMPTY_BODY = YES;
				CLANG_WARN_ENUM_CONVERSION = YES;
				CLANG_WARN_INFINITE_RECURSION = YES;
				CLANG_WARN_INT_CONVERSION = YES;
				CLANG_WARN_NON_LITERAL_NULL_CONVERSION = YES;
				CLANG_WARN_OBJC_IMPLICIT_RETAIN_SELF = YES;
				CLANG_WARN_OBJC_LITERAL_CONVERSION = YES;
				CLANG_WARN_OBJC_ROOT_CLASS = YES_ERROR;
				CLANG_WARN_QUOTED_INCLUDE_IN_FRAMEWORK_HEADER = YES;
				CLANG_WARN_RANGE_LOOP_ANALYSIS = YES;
				CLANG_WARN_STRICT_PROTOTYPES = YES;
				CLANG_WARN_SUSPICIOUS_MOVE = YES;
				CLANG_WARN_UNGUARDED_AVAILABILITY = YES_AGGRESSIVE;
				CLANG_WARN_UNREACHABLE_CODE = YES;
				CLANG_WARN__DUPLICATE_METHOD_MATCH = YES;
				COPY_PHASE_STRIP = NO;
				DEBUG_INFORMATION_FORMAT = "dwarf-with-dsym";
				ENABLE_NS_ASSERTIONS = NO;
				ENABLE_STRICT_OBJC_MSGSEND = YES;
				GCC_C_LANGUAGE_STANDARD = gnu11;
				GCC_NO_COMMON_BLOCKS = YES;
				GCC_WARN_64_TO_32_BIT_CONVERSION = YES;
				GCC_WARN_ABOUT_RETURN_TYPE = YES_ERROR;
				GCC_WARN_UNDECLARED_SELECTOR = YES;
				GCC_WARN_UNINITIALIZED_AUTOS = YES_AGGRESSIVE;
				GCC_WARN_UNUSED_FUNCTION = YES;
				GCC_WARN_UNUSED_VARIABLE = YES;
				IPHONEOS_DEPLOYMENT_TARGET = 15.4;
				MTL_ENABLE_DEBUG_INFO = NO;
				MTL_FAST_MATH = YES;
				SDKROOT = iphoneos;
				SWIFT_COMPILATION_MODE = wholemodule;
				SWIFT_OPTIMIZATION_LEVEL = "-O";
				VALIDATE_PRODUCT = YES;
			};
			name = Release;
		};
		86B716282946A60B002BE2B0 /* Debug */ = {
			isa = XCBuildConfiguration;
			buildSettings = {
				ASSETCATALOG_COMPILER_APPICON_NAME = AppIcon;
				ASSETCATALOG_COMPILER_GLOBAL_ACCENT_COLOR_NAME = AccentColor;
				CODE_SIGN_STYLE = Automatic;
				CURRENT_PROJECT_VERSION = 1;
				DEVELOPMENT_ASSET_PATHS = "\"Vagari/Preview Content\"";
				DEVELOPMENT_TEAM = ZQC7U5GY7T;
				ENABLE_PREVIEWS = YES;
				GENERATE_INFOPLIST_FILE = YES;
				INFOPLIST_KEY_UIApplicationSceneManifest_Generation = YES;
				INFOPLIST_KEY_UIApplicationSupportsIndirectInputEvents = YES;
				INFOPLIST_KEY_UILaunchScreen_Generation = YES;
				INFOPLIST_KEY_UISupportedInterfaceOrientations_iPad = "UIInterfaceOrientationPortrait UIInterfaceOrientationPortraitUpsideDown UIInterfaceOrientationLandscapeLeft UIInterfaceOrientationLandscapeRight";
				INFOPLIST_KEY_UISupportedInterfaceOrientations_iPhone = "UIInterfaceOrientationPortrait UIInterfaceOrientationLandscapeLeft UIInterfaceOrientationLandscapeRight";
				LD_RUNPATH_SEARCH_PATHS = (
					"$(inherited)",
					"@executable_path/Frameworks",
				);
				MARKETING_VERSION = 1.0;
				PRODUCT_BUNDLE_IDENTIFIER = com.treystoner.Vagari;
				PRODUCT_NAME = "$(TARGET_NAME)";
				SWIFT_EMIT_LOC_STRINGS = YES;
				SWIFT_VERSION = 5.0;
				TARGETED_DEVICE_FAMILY = "1,2";
			};
			name = Debug;
		};
		86B716292946A60B002BE2B0 /* Release */ = {
			isa = XCBuildConfiguration;
			buildSettings = {
				ASSETCATALOG_COMPILER_APPICON_NAME = AppIcon;
				ASSETCATALOG_COMPILER_GLOBAL_ACCENT_COLOR_NAME = AccentColor;
				CODE_SIGN_STYLE = Automatic;
				CURRENT_PROJECT_VERSION = 1;
				DEVELOPMENT_ASSET_PATHS = "\"Vagari/Preview Content\"";
				DEVELOPMENT_TEAM = ZQC7U5GY7T;
				ENABLE_PREVIEWS = YES;
				GENERATE_INFOPLIST_FILE = YES;
				INFOPLIST_KEY_UIApplicationSceneManifest_Generation = YES;
				INFOPLIST_KEY_UIApplicationSupportsIndirectInputEvents = YES;
				INFOPLIST_KEY_UILaunchScreen_Generation = YES;
				INFOPLIST_KEY_UISupportedInterfaceOrientations_iPad = "UIInterfaceOrientationPortrait UIInterfaceOrientationPortraitUpsideDown UIInterfaceOrientationLandscapeLeft UIInterfaceOrientationLandscapeRight";
				INFOPLIST_KEY_UISupportedInterfaceOrientations_iPhone = "UIInterfaceOrientationPortrait UIInterfaceOrientationLandscapeLeft UIInterfaceOrientationLandscapeRight";
				LD_RUNPATH_SEARCH_PATHS = (
					"$(inherited)",
					"@executable_path/Frameworks",
				);
				MARKETING_VERSION = 1.0;
				PRODUCT_BUNDLE_IDENTIFIER = com.treystoner.Vagari;
				PRODUCT_NAME = "$(TARGET_NAME)";
				SWIFT_EMIT_LOC_STRINGS = YES;
				SWIFT_VERSION = 5.0;
				TARGETED_DEVICE_FAMILY = "1,2";
			};
			name = Release;
		};
		86B7162B2946A60B002BE2B0 /* Debug */ = {
			isa = XCBuildConfiguration;
			buildSettings = {
				ALWAYS_EMBED_SWIFT_STANDARD_LIBRARIES = YES;
				BUNDLE_LOADER = "$(TEST_HOST)";
				CODE_SIGN_STYLE = Automatic;
				CURRENT_PROJECT_VERSION = 1;
				DEVELOPMENT_TEAM = ZQC7U5GY7T;
				GENERATE_INFOPLIST_FILE = YES;
				IPHONEOS_DEPLOYMENT_TARGET = 15.4;
				MARKETING_VERSION = 1.0;
				PRODUCT_BUNDLE_IDENTIFIER = com.treystoner.VagariTests;
				PRODUCT_NAME = "$(TARGET_NAME)";
				SWIFT_EMIT_LOC_STRINGS = NO;
				SWIFT_VERSION = 5.0;
				TARGETED_DEVICE_FAMILY = "1,2";
				TEST_HOST = "$(BUILT_PRODUCTS_DIR)/Vagari.app/Vagari";
			};
			name = Debug;
		};
		86B7162C2946A60B002BE2B0 /* Release */ = {
			isa = XCBuildConfiguration;
			buildSettings = {
				ALWAYS_EMBED_SWIFT_STANDARD_LIBRARIES = YES;
				BUNDLE_LOADER = "$(TEST_HOST)";
				CODE_SIGN_STYLE = Automatic;
				CURRENT_PROJECT_VERSION = 1;
				DEVELOPMENT_TEAM = ZQC7U5GY7T;
				GENERATE_INFOPLIST_FILE = YES;
				IPHONEOS_DEPLOYMENT_TARGET = 15.4;
				MARKETING_VERSION = 1.0;
				PRODUCT_BUNDLE_IDENTIFIER = com.treystoner.VagariTests;
				PRODUCT_NAME = "$(TARGET_NAME)";
				SWIFT_EMIT_LOC_STRINGS = NO;
				SWIFT_VERSION = 5.0;
				TARGETED_DEVICE_FAMILY = "1,2";
				TEST_HOST = "$(BUILT_PRODUCTS_DIR)/Vagari.app/Vagari";
			};
			name = Release;
		};
		86B7162E2946A60B002BE2B0 /* Debug */ = {
			isa = XCBuildConfiguration;
			buildSettings = {
				ALWAYS_EMBED_SWIFT_STANDARD_LIBRARIES = YES;
				CODE_SIGN_STYLE = Automatic;
				CURRENT_PROJECT_VERSION = 1;
				DEVELOPMENT_TEAM = ZQC7U5GY7T;
				GENERATE_INFOPLIST_FILE = YES;
				MARKETING_VERSION = 1.0;
				PRODUCT_BUNDLE_IDENTIFIER = com.treystoner.VagariUITests;
				PRODUCT_NAME = "$(TARGET_NAME)";
				SWIFT_EMIT_LOC_STRINGS = NO;
				SWIFT_VERSION = 5.0;
				TARGETED_DEVICE_FAMILY = "1,2";
				TEST_TARGET_NAME = Vagari;
			};
			name = Debug;
		};
		86B7162F2946A60B002BE2B0 /* Release */ = {
			isa = XCBuildConfiguration;
			buildSettings = {
				ALWAYS_EMBED_SWIFT_STANDARD_LIBRARIES = YES;
				CODE_SIGN_STYLE = Automatic;
				CURRENT_PROJECT_VERSION = 1;
				DEVELOPMENT_TEAM = ZQC7U5GY7T;
				GENERATE_INFOPLIST_FILE = YES;
				MARKETING_VERSION = 1.0;
				PRODUCT_BUNDLE_IDENTIFIER = com.treystoner.VagariUITests;
				PRODUCT_NAME = "$(TARGET_NAME)";
				SWIFT_EMIT_LOC_STRINGS = NO;
				SWIFT_VERSION = 5.0;
				TARGETED_DEVICE_FAMILY = "1,2";
				TEST_TARGET_NAME = Vagari;
			};
			name = Release;
		};
/* End XCBuildConfiguration section */

/* Begin XCConfigurationList section */
		86B715F92946A606002BE2B0 /* Build configuration list for PBXProject "Vagari" */ = {
			isa = XCConfigurationList;
			buildConfigurations = (
				86B716252946A60B002BE2B0 /* Debug */,
				86B716262946A60B002BE2B0 /* Release */,
			);
			defaultConfigurationIsVisible = 0;
			defaultConfigurationName = Release;
		};
		86B716272946A60B002BE2B0 /* Build configuration list for PBXNativeTarget "Vagari" */ = {
			isa = XCConfigurationList;
			buildConfigurations = (
				86B716282946A60B002BE2B0 /* Debug */,
				86B716292946A60B002BE2B0 /* Release */,
			);
			defaultConfigurationIsVisible = 0;
			defaultConfigurationName = Release;
		};
		86B7162A2946A60B002BE2B0 /* Build configuration list for PBXNativeTarget "VagariTests" */ = {
			isa = XCConfigurationList;
			buildConfigurations = (
				86B7162B2946A60B002BE2B0 /* Debug */,
				86B7162C2946A60B002BE2B0 /* Release */,
			);
			defaultConfigurationIsVisible = 0;
			defaultConfigurationName = Release;
		};
		86B7162D2946A60B002BE2B0 /* Build configuration list for PBXNativeTarget "VagariUITests" */ = {
			isa = XCConfigurationList;
			buildConfigurations = (
				86B7162E2946A60B002BE2B0 /* Debug */,
				86B7162F2946A60B002BE2B0 /* Release */,
			);
			defaultConfigurationIsVisible = 0;
			defaultConfigurationName = Release;
		};
/* End XCConfigurationList section */

/* Begin XCVersionGroup section */
		86B7160C2946A60A002BE2B0 /* Vagari.xcdatamodeld */ = {
			isa = XCVersionGroup;
			children = (
				86B7160D2946A60A002BE2B0 /* Vagari.xcdatamodel */,
			);
			currentVersion = 86B7160D2946A60A002BE2B0 /* Vagari.xcdatamodel */;
			path = Vagari.xcdatamodeld;
			sourceTree = "<group>";
			versionGroupType = wrapper.xcdatamodel;
		};
/* End XCVersionGroup section */
	};
	rootObject = 86B715F62946A606002BE2B0 /* Project object */;
}
